
Microsoft Visual Studio Solution File, Format Version 12.00
# Visual Studio Version 16
VisualStudioVersion = 16.0.32106.194
MinimumVisualStudioVersion = 10.0.40219.1
Project("{9A19103F-16F7-4668-BE54-9A1E7A4F7556}") = "RestaurantApplication.Server", "RestaurantApplication\Server\RestaurantApplication.Server.csproj", "{E886EDE8-FB41-4CC7-A6A4-3058D62FD742}"
EndProject
Project("{9A19103F-16F7-4668-BE54-9A1E7A4F7556}") = "RestaurantApplication.Client", "RestaurantApplication\Client\RestaurantApplication.Client.csproj", "{700CD636-6B20-4BA1-B7BD-F5AE0DFF32ED}"
EndProject
Project("{9A19103F-16F7-4668-BE54-9A1E7A4F7556}") = "RestaurantApplication.Shared", "RestaurantApplication\Shared\RestaurantApplication.Shared.csproj", "{2FC4B72F-6A50-44DD-AE4C-DB9844206585}"
EndProject
Global
	GlobalSection(SolutionConfigurationPlatforms) = preSolution
		Debug|Any CPU = Debug|Any CPU
		Release|Any CPU = Release|Any CPU
	EndGlobalSection
	GlobalSection(ProjectConfigurationPlatforms) = postSolution
		{E886EDE8-FB41-4CC7-A6A4-3058D62FD742}.Debug|Any CPU.ActiveCfg = Debug|Any CPU
		{E886EDE8-FB41-4CC7-A6A4-3058D62FD742}.Debug|Any CPU.Build.0 = Debug|Any CPU
		{E886EDE8-FB41-4CC7-A6A4-3058D62FD742}.Release|Any CPU.ActiveCfg = Release|Any CPU
		{E886EDE8-FB41-4CC7-A6A4-3058D62FD742}.Release|Any CPU.Build.0 = Release|Any CPU
		{700CD636-6B20-4BA1-B7BD-F5AE0DFF32ED}.Debug|Any CPU.ActiveCfg = Debug|Any CPU
		{700CD636-6B20-4BA1-B7BD-F5AE0DFF32ED}.Debug|Any CPU.Build.0 = Debug|Any CPU
		{700CD636-6B20-4BA1-B7BD-F5AE0DFF32ED}.Release|Any CPU.ActiveCfg = Release|Any CPU
		{700CD636-6B20-4BA1-B7BD-F5AE0DFF32ED}.Release|Any CPU.Build.0 = Release|Any CPU
		{2FC4B72F-6A50-44DD-AE4C-DB9844206585}.Debug|Any CPU.ActiveCfg = Debug|Any CPU
		{2FC4B72F-6A50-44DD-AE4C-DB9844206585}.Debug|Any CPU.Build.0 = Debug|Any CPU
		{2FC4B72F-6A50-44DD-AE4C-DB9844206585}.Release|Any CPU.ActiveCfg = Release|Any CPU
		{2FC4B72F-6A50-44DD-AE4C-DB9844206585}.Release|Any CPU.Build.0 = Release|Any CPU
	EndGlobalSection
	GlobalSection(SolutionProperties) = preSolution
		HideSolutionNode = FALSE
	EndGlobalSection
	GlobalSection(ExtensibilityGlobals) = postSolution
		SolutionGuid = {FAAF56AA-C65A-4F82-B585-6DBAE5ACF808}
	EndGlobalSection
EndGlobal
